
Microsoft Visual Studio Solution File, Format Version 12.00
# Visual Studio Version 17
VisualStudioVersion = 17.0.32014.148
MinimumVisualStudioVersion = 10.0.40219.1
Project("{8BC9CEB8-8B4A-11D0-8D11-00A0C91BC942}") = "XMapLib", "XMapLib\XMapLib.vcxproj", "{772A82CF-95EA-45B9-BF7E-28927F887F72}"
EndProject
Project("{8BC9CEB8-8B4A-11D0-8D11-00A0C91BC942}") = "XMapLibTest", "XMapLibTest\XMapLibTest.vcxproj", "{62F4B852-60D8-455B-AE3A-AC6DF69ED03F}"
	ProjectSection(ProjectDependencies) = postProject
		{772A82CF-95EA-45B9-BF7E-28927F887F72} = {772A82CF-95EA-45B9-BF7E-28927F887F72}
	EndProjectSection
EndProject
Project("{8BC9CEB8-8B4A-11D0-8D11-00A0C91BC942}") = "XMapLibDLL", "XMapLibDLL\XMapLibDLL.vcxproj", "{719FF759-0AEB-4234-BFCF-3D45D8B27661}"
EndProject
Project("{9A19103F-16F7-4668-BE54-9A1E7A4F7556}") = "XMapLibSharp", "XMapLibSharp\XMapLibSharp.csproj", "{A42592DA-0FEC-4F35-98A6-4E13CAEAC0D0}"
	ProjectSection(ProjectDependencies) = postProject
		{719FF759-0AEB-4234-BFCF-3D45D8B27661} = {719FF759-0AEB-4234-BFCF-3D45D8B27661}
		{772A82CF-95EA-45B9-BF7E-28927F887F72} = {772A82CF-95EA-45B9-BF7E-28927F887F72}
	EndProjectSection
EndProject
Project("{8BC9CEB8-8B4A-11D0-8D11-00A0C91BC942}") = "immutable_thread_pool", "impcool_sol\immutable_thread_pool\immutable_thread_pool.vcxproj", "{1991C70B-0764-4765-8D93-DA83356C603B}"
EndProject
Project("{8BC9CEB8-8B4A-11D0-8D11-00A0C91BC942}") = "PolarQuadrantCalc", "PolarCode\PolarQuadrantCalc\PolarQuadrantCalc.vcxproj", "{554652B0-173A-4B81-B5AB-EEADF926101D}"
EndProject
Global
	GlobalSection(SolutionConfigurationPlatforms) = preSolution
		Debug|Any CPU = Debug|Any CPU
		Debug|x64 = Debug|x64
		Debug|x86 = Debug|x86
		Release|Any CPU = Release|Any CPU
		Release|x64 = Release|x64
		Release|x86 = Release|x86
	EndGlobalSection
	GlobalSection(ProjectConfigurationPlatforms) = postSolution
		{772A82CF-95EA-45B9-BF7E-28927F887F72}.Debug|Any CPU.ActiveCfg = Debug|x64
		{772A82CF-95EA-45B9-BF7E-28927F887F72}.Debug|Any CPU.Build.0 = Debug|x64
		{772A82CF-95EA-45B9-BF7E-28927F887F72}.Debug|x64.ActiveCfg = Debug|x64
		{772A82CF-95EA-45B9-BF7E-28927F887F72}.Debug|x64.Build.0 = Debug|x64
		{772A82CF-95EA-45B9-BF7E-28927F887F72}.Debug|x86.ActiveCfg = Debug|Win32
		{772A82CF-95EA-45B9-BF7E-28927F887F72}.Debug|x86.Build.0 = Debug|Win32
		{772A82CF-95EA-45B9-BF7E-28927F887F72}.Release|Any CPU.ActiveCfg = Release|x64
		{772A82CF-95EA-45B9-BF7E-28927F887F72}.Release|Any CPU.Build.0 = Release|x64
		{772A82CF-95EA-45B9-BF7E-28927F887F72}.Release|x64.ActiveCfg = Release|x64
		{772A82CF-95EA-45B9-BF7E-28927F887F72}.Release|x64.Build.0 = Release|x64
		{772A82CF-95EA-45B9-BF7E-28927F887F72}.Release|x86.ActiveCfg = Release|Win32
		{772A82CF-95EA-45B9-BF7E-28927F887F72}.Release|x86.Build.0 = Release|Win32
		{62F4B852-60D8-455B-AE3A-AC6DF69ED03F}.Debug|Any CPU.ActiveCfg = Debug|x64
		{62F4B852-60D8-455B-AE3A-AC6DF69ED03F}.Debug|Any CPU.Build.0 = Debug|x64
		{62F4B852-60D8-455B-AE3A-AC6DF69ED03F}.Debug|x64.ActiveCfg = Debug|x64
		{62F4B852-60D8-455B-AE3A-AC6DF69ED03F}.Debug|x64.Build.0 = Debug|x64
		{62F4B852-60D8-455B-AE3A-AC6DF69ED03F}.Debug|x86.ActiveCfg = Debug|Win32
		{62F4B852-60D8-455B-AE3A-AC6DF69ED03F}.Debug|x86.Build.0 = Debug|Win32
		{62F4B852-60D8-455B-AE3A-AC6DF69ED03F}.Release|Any CPU.ActiveCfg = Release|x64
		{62F4B852-60D8-455B-AE3A-AC6DF69ED03F}.Release|Any CPU.Build.0 = Release|x64
		{62F4B852-60D8-455B-AE3A-AC6DF69ED03F}.Release|x64.ActiveCfg = Release|x64
		{62F4B852-60D8-455B-AE3A-AC6DF69ED03F}.Release|x64.Build.0 = Release|x64
		{62F4B852-60D8-455B-AE3A-AC6DF69ED03F}.Release|x86.ActiveCfg = Release|Win32
		{62F4B852-60D8-455B-AE3A-AC6DF69ED03F}.Release|x86.Build.0 = Release|Win32
		{719FF759-0AEB-4234-BFCF-3D45D8B27661}.Debug|Any CPU.ActiveCfg = Debug|x64
		{719FF759-0AEB-4234-BFCF-3D45D8B27661}.Debug|Any CPU.Build.0 = Debug|x64
		{719FF759-0AEB-4234-BFCF-3D45D8B27661}.Debug|x64.ActiveCfg = Debug|x64
		{719FF759-0AEB-4234-BFCF-3D45D8B27661}.Debug|x64.Build.0 = Debug|x64
		{719FF759-0AEB-4234-BFCF-3D45D8B27661}.Debug|x86.ActiveCfg = Debug|Win32
		{719FF759-0AEB-4234-BFCF-3D45D8B27661}.Debug|x86.Build.0 = Debug|Win32
		{719FF759-0AEB-4234-BFCF-3D45D8B27661}.Release|Any CPU.ActiveCfg = Release|x64
		{719FF759-0AEB-4234-BFCF-3D45D8B27661}.Release|Any CPU.Build.0 = Release|x64
		{719FF759-0AEB-4234-BFCF-3D45D8B27661}.Release|x64.ActiveCfg = Release|x64
		{719FF759-0AEB-4234-BFCF-3D45D8B27661}.Release|x64.Build.0 = Release|x64
		{719FF759-0AEB-4234-BFCF-3D45D8B27661}.Release|x86.ActiveCfg = Release|Win32
		{719FF759-0AEB-4234-BFCF-3D45D8B27661}.Release|x86.Build.0 = Release|Win32
		{A42592DA-0FEC-4F35-98A6-4E13CAEAC0D0}.Debug|Any CPU.ActiveCfg = Debug|Any CPU
		{A42592DA-0FEC-4F35-98A6-4E13CAEAC0D0}.Debug|Any CPU.Build.0 = Debug|Any CPU
		{A42592DA-0FEC-4F35-98A6-4E13CAEAC0D0}.Debug|x64.ActiveCfg = Debug|Any CPU
		{A42592DA-0FEC-4F35-98A6-4E13CAEAC0D0}.Debug|x64.Build.0 = Debug|Any CPU
		{A42592DA-0FEC-4F35-98A6-4E13CAEAC0D0}.Debug|x86.ActiveCfg = Debug|Any CPU
		{A42592DA-0FEC-4F35-98A6-4E13CAEAC0D0}.Debug|x86.Build.0 = Debug|Any CPU
		{A42592DA-0FEC-4F35-98A6-4E13CAEAC0D0}.Release|Any CPU.ActiveCfg = Release|Any CPU
		{A42592DA-0FEC-4F35-98A6-4E13CAEAC0D0}.Release|Any CPU.Build.0 = Release|Any CPU
		{A42592DA-0FEC-4F35-98A6-4E13CAEAC0D0}.Release|x64.ActiveCfg = Release|Any CPU
		{A42592DA-0FEC-4F35-98A6-4E13CAEAC0D0}.Release|x64.Build.0 = Release|Any CPU
		{A42592DA-0FEC-4F35-98A6-4E13CAEAC0D0}.Release|x86.ActiveCfg = Release|Any CPU
		{A42592DA-0FEC-4F35-98A6-4E13CAEAC0D0}.Release|x86.Build.0 = Release|Any CPU
		{1991C70B-0764-4765-8D93-DA83356C603B}.Debug|Any CPU.ActiveCfg = Debug|x64
		{1991C70B-0764-4765-8D93-DA83356C603B}.Debug|Any CPU.Build.0 = Debug|x64
		{1991C70B-0764-4765-8D93-DA83356C603B}.Debug|x64.ActiveCfg = Debug|x64
		{1991C70B-0764-4765-8D93-DA83356C603B}.Debug|x64.Build.0 = Debug|x64
		{1991C70B-0764-4765-8D93-DA83356C603B}.Debug|x86.ActiveCfg = Debug|Win32
		{1991C70B-0764-4765-8D93-DA83356C603B}.Debug|x86.Build.0 = Debug|Win32
		{1991C70B-0764-4765-8D93-DA83356C603B}.Release|Any CPU.ActiveCfg = Release|x64
		{1991C70B-0764-4765-8D93-DA83356C603B}.Release|Any CPU.Build.0 = Release|x64
		{1991C70B-0764-4765-8D93-DA83356C603B}.Release|x64.ActiveCfg = Release|x64
		{1991C70B-0764-4765-8D93-DA83356C603B}.Release|x64.Build.0 = Release|x64
		{1991C70B-0764-4765-8D93-DA83356C603B}.Release|x86.ActiveCfg = Release|Win32
		{1991C70B-0764-4765-8D93-DA83356C603B}.Release|x86.Build.0 = Release|Win32
		{554652B0-173A-4B81-B5AB-EEADF926101D}.Debug|Any CPU.ActiveCfg = Debug|x64
		{554652B0-173A-4B81-B5AB-EEADF926101D}.Debug|Any CPU.Build.0 = Debug|x64
		{554652B0-173A-4B81-B5AB-EEADF926101D}.Debug|x64.ActiveCfg = Debug|x64
		{554652B0-173A-4B81-B5AB-EEADF926101D}.Debug|x64.Build.0 = Debug|x64
		{554652B0-173A-4B81-B5AB-EEADF926101D}.Debug|x86.ActiveCfg = Debug|Win32
		{554652B0-173A-4B81-B5AB-EEADF926101D}.Debug|x86.Build.0 = Debug|Win32
		{554652B0-173A-4B81-B5AB-EEADF926101D}.Release|Any CPU.ActiveCfg = Release|x64
		{554652B0-173A-4B81-B5AB-EEADF926101D}.Release|Any CPU.Build.0 = Release|x64
		{554652B0-173A-4B81-B5AB-EEADF926101D}.Release|x64.ActiveCfg = Release|x64
		{554652B0-173A-4B81-B5AB-EEADF926101D}.Release|x64.Build.0 = Release|x64
		{554652B0-173A-4B81-B5AB-EEADF926101D}.Release|x86.ActiveCfg = Release|Win32
		{554652B0-173A-4B81-B5AB-EEADF926101D}.Release|x86.Build.0 = Release|Win32
	EndGlobalSection
	GlobalSection(SolutionProperties) = preSolution
		HideSolutionNode = FALSE
	EndGlobalSection
	GlobalSection(ExtensibilityGlobals) = postSolution
		SolutionGuid = {B7910139-1413-4E8C-A82A-444C8CF52B1E}
	EndGlobalSection
EndGlobal
